# This file is automatically @generated by Cargo.
# It is not intended for manual editing.
[[package]]
name = "assignment-2"
version = "0.1.0"
dependencies = [
 "map_for",
]

[[package]]
name = "map_for"
version = "0.3.0"
source = "registry+https://github.com/rust-lang/crates.io-index"
checksum = "0a7d511d0c9916ba93f2d36235f611443799f8537d6e9fd03d61e8446adbbaf0"
